
Microsoft Visual Studio Solution File, Format Version 12.00
# Visual Studio Version 17
VisualStudioVersion = 17.6.33815.320
MinimumVisualStudioVersion = 10.0.40219.1
Project("{9A19103F-16F7-4668-BE54-9A1E7A4F7556}") = "MyTaskList", "MyTaskList.csproj", "{4D7AF4F8-D3D5-4DD7-A905-63AFE64ADB9D}"
EndProject
Global
	GlobalSection(SolutionConfigurationPlatforms) = preSolution
		Debug|Any CPU = Debug|Any CPU
		Release|Any CPU = Release|Any CPU
	EndGlobalSection
	GlobalSection(ProjectConfigurationPlatforms) = postSolution
		{4D7AF4F8-D3D5-4DD7-A905-63AFE64ADB9D}.Debug|Any CPU.ActiveCfg = Debug|Any CPU
		{4D7AF4F8-D3D5-4DD7-A905-63AFE64ADB9D}.Debug|Any CPU.Build.0 = Debug|Any CPU
		{4D7AF4F8-D3D5-4DD7-A905-63AFE64ADB9D}.Release|Any CPU.ActiveCfg = Release|Any CPU
		{4D7AF4F8-D3D5-4DD7-A905-63AFE64ADB9D}.Release|Any CPU.Build.0 = Release|Any CPU
	EndGlobalSection
	GlobalSection(SolutionProperties) = preSolution
		HideSolutionNode = FALSE
	EndGlobalSection
	GlobalSection(ExtensibilityGlobals) = postSolution
		SolutionGuid = {0F548793-8B96-4DFB-B01F-DEE179103912}
	EndGlobalSection
EndGlobal
